
Microsoft Visual Studio Solution File, Format Version 12.00
# Visual Studio Version 17
VisualStudioVersion = 17.0.31903.59
MinimumVisualStudioVersion = 10.0.40219.1
Project("{2150E333-8FDC-42A3-9474-1A3956D46DE8}") = "src", "src", "{827E0CD3-B72D-47B6-A68D-7590B98EB39B}"
EndProject
Project("{F2A71F9B-5D33-465A-A702-920D77279786}") = "Functions", "src\Functions.fsproj", "{0873A585-4D0C-41AC-A62B-CCDAA99BEF80}"
EndProject
Project("{2150E333-8FDC-42A3-9474-1A3956D46DE8}") = "Config", "Config", "{682F137F-0450-4659-BDBF-0A6818753342}"
	ProjectSection(SolutionItems) = preProject
		Directory.Build.props = Directory.Build.props
		Directory.Packages.props = Directory.Packages.props
		.editorconfig = .editorconfig
		LICENSE = LICENSE
		README.md = README.md
	EndProjectSection
EndProject
Global
	GlobalSection(SolutionConfigurationPlatforms) = preSolution
		Debug|Any CPU = Debug|Any CPU
		Debug|x64 = Debug|x64
		Debug|x86 = Debug|x86
		Release|Any CPU = Release|Any CPU
		Release|x64 = Release|x64
		Release|x86 = Release|x86
	EndGlobalSection
	GlobalSection(ProjectConfigurationPlatforms) = postSolution
		{0873A585-4D0C-41AC-A62B-CCDAA99BEF80}.Debug|Any CPU.ActiveCfg = Debug|Any CPU
		{0873A585-4D0C-41AC-A62B-CCDAA99BEF80}.Debug|Any CPU.Build.0 = Debug|Any CPU
		{0873A585-4D0C-41AC-A62B-CCDAA99BEF80}.Debug|x64.ActiveCfg = Debug|Any CPU
		{0873A585-4D0C-41AC-A62B-CCDAA99BEF80}.Debug|x64.Build.0 = Debug|Any CPU
		{0873A585-4D0C-41AC-A62B-CCDAA99BEF80}.Debug|x86.ActiveCfg = Debug|Any CPU
		{0873A585-4D0C-41AC-A62B-CCDAA99BEF80}.Debug|x86.Build.0 = Debug|Any CPU
		{0873A585-4D0C-41AC-A62B-CCDAA99BEF80}.Release|Any CPU.ActiveCfg = Release|Any CPU
		{0873A585-4D0C-41AC-A62B-CCDAA99BEF80}.Release|Any CPU.Build.0 = Release|Any CPU
		{0873A585-4D0C-41AC-A62B-CCDAA99BEF80}.Release|x64.ActiveCfg = Release|Any CPU
		{0873A585-4D0C-41AC-A62B-CCDAA99BEF80}.Release|x64.Build.0 = Release|Any CPU
		{0873A585-4D0C-41AC-A62B-CCDAA99BEF80}.Release|x86.ActiveCfg = Release|Any CPU
		{0873A585-4D0C-41AC-A62B-CCDAA99BEF80}.Release|x86.Build.0 = Release|Any CPU
	EndGlobalSection
	GlobalSection(SolutionProperties) = preSolution
		HideSolutionNode = FALSE
	EndGlobalSection
	GlobalSection(NestedProjects) = preSolution
		{0873A585-4D0C-41AC-A62B-CCDAA99BEF80} = {827E0CD3-B72D-47B6-A68D-7590B98EB39B}
	EndGlobalSection
EndGlobal
